{
  "lockfileVersion": 1,
  "configVersion": 0,
  "workspaces": {
    "": {
      "name": "pktools",
      "dependencies": {
        "@clack/prompts": "1.1.0",
        "pkapi.js": "^6.2.1",
      },
    },
  },
  "packages": {
    "@clack/core": ["@clack/core@1.1.0", "", { "dependencies": { "sisteransi": "^1.0.5" } }, "sha512-SVcm4Dqm2ukn64/8Gub2wnlA5nS2iWJyCkdNHcvNHPIeBTGojpdJ+9cZKwLfmqy7irD4N5qLteSilJlE0WLAtA=="],

    "@clack/prompts": ["@clack/prompts@1.1.0", "", { "dependencies": { "@clack/core": "1.1.0", "sisteransi": "^1.0.5" } }, "sha512-pkqbPGtohJAvm4Dphs2M8xE29ggupihHdy1x84HNojZuMtFsHiUlRvqD24tM2+XmI+61LlfNceM3Wr7U5QES5g=="],

    "@vvo/tzdb": ["@vvo/tzdb@6.121.0", "", {}, "sha512-ODnjZm9ZIKV+MkfsGA232jWPVDyI4zVr6SXcwacPlm9Ky2qI9V9rbTog/UpVt5hu76PEpeL/HNIepHbS7rHsMg=="],

    "axios": ["axios@0.21.4", "", { "dependencies": { "follow-redirects": "^1.14.0" } }, "sha512-ut5vewkiu8jjGBdqpM44XxjuCjq9LAKeHVmoVfHVzy8eHgxxq8SbAVQNovDA8mVi05kP0Ea/n/UzcSHcTJQfNg=="],

    "chrono-node": ["chrono-node@2.7.3", "", { "dependencies": { "dayjs": "^1.10.0" } }, "sha512-M/CusGocGJaubS8OFPEzmSa6IT/MJo2LaVqFyUVaLMo+UWwqyahKHsDe9FQBzwaytVGwR/bwZ5JhnAcu894Owg=="],

    "dayjs": ["dayjs@1.11.10", "", {}, "sha512-vjAczensTgRcqDERK0SR2XMwsF/tSvnvlv6VcF2GIhg6Sx4yOIt/irsr1RDJsKiIyBzJDpCoXiWWq28MqH2cnQ=="],

    "follow-redirects": ["follow-redirects@1.15.9", "", {}, "sha512-gew4GsXizNgdoRyqmyfMHyAmXsZDk6mHkSxZFCzW9gwlbtOW44CDtYavM+y+72qD/Vq2l550kMF52DT8fOLJqQ=="],

    "pkapi.js": ["pkapi.js@6.2.1", "", { "dependencies": { "@vvo/tzdb": "^6.7.0", "axios": "^0.21.1", "chrono-node": "^2.4.2", "tinycolor2": "^1.4.2", "valid-url": "^1.0.9" } }, "sha512-Y0ImhZbQLKbFlq0EnwmevOlKg9IyLp6bv37Pu5PKzL/sfF6jzzQeQm4wz54DsgupD5PqY1lV6DWIr6eX9d5M8w=="],

    "sisteransi": ["sisteransi@1.0.5", "", {}, "sha512-bLGGlR1QxBcynn2d5YmDX4MGjlZvy2MRBDRNHLJ8VI6l6+9FUiyTFNJ0IveOSP0bcXgVDPRcfGqA0pjaqUpfVg=="],

    "tinycolor2": ["tinycolor2@1.6.0", "", {}, "sha512-XPaBkWQJdsf3pLKJV9p4qN/S+fm2Oj8AIPo1BTUhg5oxkvm9+SVEGFdhyOz7tTdUTfvxMiAs4sp6/eZO2Ew+pw=="],

    "valid-url": ["valid-url@1.0.9", "", {}, "sha512-QQDsV8OnSf5Uc30CKSwG9lnhMPe6exHtTXLRYX8uMwKENy640pU+2BgBL0LRbDh/eYRahNCS7aewCx0wf3NYVA=="],
  }
}
